// !$*UTF8*$!
{
	archiveVersion = 1;
	classes = {
	};
	objectVersion = 55;
	objects = {

/* Begin PBXBuildFile section */
		F20174562762B99B00442228 /* stacksApp.swift in Sources */ = {isa = PBXBuildFile; fileRef = F20174552762B99B00442228 /* stacksApp.swift */; };
		F20174582762B99B00442228 /* StacksView.swift in Sources */ = {isa = PBXBuildFile; fileRef = F20174572762B99B00442228 /* StacksView.swift */; };
		F201745A2762B99C00442228 /* Assets.xcassets in Resources */ = {isa = PBXBuildFile; fileRef = F20174592762B99C00442228 /* Assets.xcassets */; };
		F201745D2762B99C00442228 /* Preview Assets.xcassets in Resources */ = {isa = PBXBuildFile; fileRef = F201745C2762B99C00442228 /* Preview Assets.xcassets */; };
		F20174652762E43D00442228 /* Stack.swift in Sources */ = {isa = PBXBuildFile; fileRef = F20174642762E43D00442228 /* Stack.swift */; };
		F20174672762E4D700442228 /* Model.swift in Sources */ = {isa = PBXBuildFile; fileRef = F20174662762E4D700442228 /* Model.swift */; };
		F20174692762E51200442228 /* Card.swift in Sources */ = {isa = PBXBuildFile; fileRef = F20174682762E51200442228 /* Card.swift */; };
		F201746B2762E56400442228 /* StacksService.swift in Sources */ = {isa = PBXBuildFile; fileRef = F201746A2762E56400442228 /* StacksService.swift */; };
		F201746D2763D48700442228 /* SettingsView.swift in Sources */ = {isa = PBXBuildFile; fileRef = F201746C2763D48700442228 /* SettingsView.swift */; };
		F201746F2763E34600442228 /* GameView.swift in Sources */ = {isa = PBXBuildFile; fileRef = F201746E2763E34600442228 /* GameView.swift */; };
		F20174712764077400442228 /* CardView.swift in Sources */ = {isa = PBXBuildFile; fileRef = F20174702764077400442228 /* CardView.swift */; };
		F20174772764577D00442228 /* Game.swift in Sources */ = {isa = PBXBuildFile; fileRef = F20174762764577D00442228 /* Game.swift */; };
/* End PBXBuildFile section */

/* Begin PBXFileReference section */
		F20174522762B99B00442228 /* stacks.app */ = {isa = PBXFileReference; explicitFileType = wrapper.application; includeInIndex = 0; path = stacks.app; sourceTree = BUILT_PRODUCTS_DIR; };
		F20174552762B99B00442228 /* stacksApp.swift */ = {isa = PBXFileReference; lastKnownFileType = sourcecode.swift; path = stacksApp.swift; sourceTree = "<group>"; };
		F20174572762B99B00442228 /* StacksView.swift */ = {isa = PBXFileReference; lastKnownFileType = sourcecode.swift; path = StacksView.swift; sourceTree = "<group>"; };
		F20174592762B99C00442228 /* Assets.xcassets */ = {isa = PBXFileReference; lastKnownFileType = folder.assetcatalog; path = Assets.xcassets; sourceTree = "<group>"; };
		F201745C2762B99C00442228 /* Preview Assets.xcassets */ = {isa = PBXFileReference; lastKnownFileType = folder.assetcatalog; path = "Preview Assets.xcassets"; sourceTree = "<group>"; };
		F20174642762E43D00442228 /* Stack.swift */ = {isa = PBXFileReference; lastKnownFileType = sourcecode.swift; path = Stack.swift; sourceTree = "<group>"; };
		F20174662762E4D700442228 /* Model.swift */ = {isa = PBXFileReference; lastKnownFileType = sourcecode.swift; path = Model.swift; sourceTree = "<group>"; };
		F20174682762E51200442228 /* Card.swift */ = {isa = PBXFileReference; lastKnownFileType = sourcecode.swift; path = Card.swift; sourceTree = "<group>"; };
		F201746A2762E56400442228 /* StacksService.swift */ = {isa = PBXFileReference; lastKnownFileType = sourcecode.swift; path = StacksService.swift; sourceTree = "<group>"; };
		F201746C2763D48700442228 /* SettingsView.swift */ = {isa = PBXFileReference; lastKnownFileType = sourcecode.swift; path = SettingsView.swift; sourceTree = "<group>"; };
		F201746E2763E34600442228 /* GameView.swift */ = {isa = PBXFileReference; lastKnownFileType = sourcecode.swift; path = GameView.swift; sourceTree = "<group>"; };
		F20174702764077400442228 /* CardView.swift */ = {isa = PBXFileReference; lastKnownFileType = sourcecode.swift; path = CardView.swift; sourceTree = "<group>"; };
		F20174762764577D00442228 /* Game.swift */ = {isa = PBXFileReference; lastKnownFileType = sourcecode.swift; path = Game.swift; sourceTree = "<group>"; };
/* End PBXFileReference section */

/* Begin PBXFrameworksBuildPhase section */
		F201744F2762B99B00442228 /* Frameworks */ = {
			isa = PBXFrameworksBuildPhase;
			buildActionMask = 2147483647;
			files = (
			);
			runOnlyForDeploymentPostprocessing = 0;
		};
/* End PBXFrameworksBuildPhase section */

/* Begin PBXGroup section */
		F20174492762B99B00442228 = {
			isa = PBXGroup;
			children = (
				F20174542762B99B00442228 /* stacks */,
				F20174532762B99B00442228 /* Products */,
			);
			sourceTree = "<group>";
		};
		F20174532762B99B00442228 /* Products */ = {
			isa = PBXGroup;
			children = (
				F20174522762B99B00442228 /* stacks.app */,
			);
			name = Products;
			sourceTree = "<group>";
		};
		F20174542762B99B00442228 /* stacks */ = {
			isa = PBXGroup;
			children = (
				F20174632762E41B00442228 /* model */,
				F20174552762B99B00442228 /* stacksApp.swift */,
				F20174572762B99B00442228 /* StacksView.swift */,
				F201746E2763E34600442228 /* GameView.swift */,
				F20174702764077400442228 /* CardView.swift */,
				F201746C2763D48700442228 /* SettingsView.swift */,
				F20174592762B99C00442228 /* Assets.xcassets */,
				F201745B2762B99C00442228 /* Preview Content */,
			);
			path = stacks;
			sourceTree = "<group>";
		};
		F201745B2762B99C00442228 /* Preview Content */ = {
			isa = PBXGroup;
			children = (
				F201745C2762B99C00442228 /* Preview Assets.xcassets */,
			);
			path = "Preview Content";
			sourceTree = "<group>";
		};
		F20174632762E41B00442228 /* model */ = {
			isa = PBXGroup;
			children = (
				F20174642762E43D00442228 /* Stack.swift */,
				F20174662762E4D700442228 /* Model.swift */,
				F20174682762E51200442228 /* Card.swift */,
				F201746A2762E56400442228 /* StacksService.swift */,
				F20174762764577D00442228 /* Game.swift */,
			);
			path = model;
			sourceTree = "<group>";
		};
/* End PBXGroup section */

/* Begin PBXNativeTarget section */
		F20174512762B99B00442228 /* stacks */ = {
			isa = PBXNativeTarget;
			buildConfigurationList = F20174602762B99C00442228 /* Build configuration list for PBXNativeTarget "stacks" */;
			buildPhases = (
				F201744E2762B99B00442228 /* Sources */,
				F201744F2762B99B00442228 /* Frameworks */,
				F20174502762B99B00442228 /* Resources */,
			);
			buildRules = (
			);
			dependencies = (
			);
			name = stacks;
			productName = stacks;
			productReference = F20174522762B99B00442228 /* stacks.app */;
			productType = "com.apple.product-type.application";
		};
/* End PBXNativeTarget section */

/* Begin PBXProject section */
		F201744A2762B99B00442228 /* Project object */ = {
			isa = PBXProject;
			attributes = {
				BuildIndependentTargetsInParallel = 1;
				LastSwiftUpdateCheck = 1310;
				LastUpgradeCheck = 1310;
				TargetAttributes = {
					F20174512762B99B00442228 = {
						CreatedOnToolsVersion = 13.1;
					};
				};
			};
			buildConfigurationList = F201744D2762B99B00442228 /* Build configuration list for PBXProject "stacks" */;
			compatibilityVersion = "Xcode 13.0";
			developmentRegion = en;
			hasScannedForEncodings = 0;
			knownRegions = (
				en,
				Base,
			);
			mainGroup = F20174492762B99B00442228;
			productRefGroup = F20174532762B99B00442228 /* Products */;
			projectDirPath = "";
			projectRoot = "";
			targets = (
				F20174512762B99B00442228 /* stacks */,
			);
		};
/* End PBXProject section */

/* Begin PBXResourcesBuildPhase section */
		F20174502762B99B00442228 /* Resources */ = {
			isa = PBXResourcesBuildPhase;
			buildActionMask = 2147483647;
			files = (
				F201745D2762B99C00442228 /* Preview Assets.xcassets in Resources */,
				F201745A2762B99C00442228 /* Assets.xcassets in Resources */,
			);
			runOnlyForDeploymentPostprocessing = 0;
		};
/* End PBXResourcesBuildPhase section */

/* Begin PBXSourcesBuildPhase section */
		F201744E2762B99B00442228 /* Sources */ = {
			isa = PBXSourcesBuildPhase;
			buildActionMask = 2147483647;
			files = (
				F201746D2763D48700442228 /* SettingsView.swift in Sources */,
				F20174772764577D00442228 /* Game.swift in Sources */,
				F20174712764077400442228 /* CardView.swift in Sources */,
				F20174582762B99B00442228 /* StacksView.swift in Sources */,
				F20174652762E43D00442228 /* Stack.swift in Sources */,
				F20174692762E51200442228 /* Card.swift in Sources */,
				F20174672762E4D700442228 /* Model.swift in Sources */,
				F201746B2762E56400442228 /* StacksService.swift in Sources */,
				F201746F2763E34600442228 /* GameView.swift in Sources */,
				F20174562762B99B00442228 /* stacksApp.swift in Sources */,
			);
			runOnlyForDeploymentPostprocessing = 0;
		};
/* End PBXSourcesBuildPhase section */

/* Begin XCBuildConfiguration section */
		F201745E2762B99C00442228 /* Debug */ = {
			isa = XCBuildConfiguration;
			buildSettings = {
				ALWAYS_SEARCH_USER_PATHS = NO;
				CLANG_ANALYZER_NONNULL = YES;
				CLANG_ANALYZER_NUMBER_OBJECT_CONVERSION = YES_AGGRESSIVE;
				CLANG_CXX_LANGUAGE_STANDARD = "gnu++17";
				CLANG_CXX_LIBRARY = "libc++";
				CLANG_ENABLE_MODULES = YES;
				CLANG_ENABLE_OBJC_ARC = YES;
				CLANG_ENABLE_OBJC_WEAK = YES;
				CLANG_WARN_BLOCK_CAPTURE_AUTORELEASING = YES;
				CLANG_WARN_BOOL_CONVERSION = YES;
				CLANG_WARN_COMMA = YES;
				CLANG_WARN_CONSTANT_CONVERSION = YES;
				CLANG_WARN_DEPRECATED_OBJC_IMPLEMENTATIONS = YES;
				CLANG_WARN_DIRECT_OBJC_ISA_USAGE = YES_ERROR;
				CLANG_WARN_DOCUMENTATION_COMMENTS = YES;
				CLANG_WARN_EMPTY_BODY = YES;
				CLANG_WARN_ENUM_CONVERSION = YES;
				CLANG_WARN_INFINITE_RECURSION = YES;
				CLANG_WARN_INT_CONVERSION = YES;
				CLANG_WARN_NON_LITERAL_NULL_CONVERSION = YES;
				CLANG_WARN_OBJC_IMPLICIT_RETAIN_SELF = YES;
				CLANG_WARN_OBJC_LITERAL_CONVERSION = YES;
				CLANG_WARN_OBJC_ROOT_CLASS = YES_ERROR;
				CLANG_WARN_QUOTED_INCLUDE_IN_FRAMEWORK_HEADER = YES;
				CLANG_WARN_RANGE_LOOP_ANALYSIS = YES;
				CLANG_WARN_STRICT_PROTOTYPES = YES;
				CLANG_WARN_SUSPICIOUS_MOVE = YES;
				CLANG_WARN_UNGUARDED_AVAILABILITY = YES_AGGRESSIVE;
				CLANG_WARN_UNREACHABLE_CODE = YES;
				CLANG_WARN__DUPLICATE_METHOD_MATCH = YES;
				COPY_PHASE_STRIP = NO;
				DEBUG_INFORMATION_FORMAT = dwarf;
				ENABLE_STRICT_OBJC_MSGSEND = YES;
				ENABLE_TESTABILITY = YES;
				GCC_C_LANGUAGE_STANDARD = gnu11;
				GCC_DYNAMIC_NO_PIC = NO;
				GCC_NO_COMMON_BLOCKS = YES;
				GCC_OPTIMIZATION_LEVEL = 0;
				GCC_PREPROCESSOR_DEFINITIONS = (
					"DEBUG=1",
					"$(inherited)",
				);
				GCC_WARN_64_TO_32_BIT_CONVERSION = YES;
				GCC_WARN_ABOUT_RETURN_TYPE = YES_ERROR;
				GCC_WARN_UNDECLARED_SELECTOR = YES;
				GCC_WARN_UNINITIALIZED_AUTOS = YES_AGGRESSIVE;
				GCC_WARN_UNUSED_FUNCTION = YES;
				GCC_WARN_UNUSED_VARIABLE = YES;
				IPHONEOS_DEPLOYMENT_TARGET = 15.0;
				MTL_ENABLE_DEBUG_INFO = INCLUDE_SOURCE;
				MTL_FAST_MATH = YES;
				ONLY_ACTIVE_ARCH = YES;
				SDKROOT = iphoneos;
				SWIFT_ACTIVE_COMPILATION_CONDITIONS = DEBUG;
				SWIFT_OPTIMIZATION_LEVEL = "-Onone";
			};
			name = Debug;
		};
		F201745F2762B99C00442228 /* Release */ = {
			isa = XCBuildConfiguration;
			buildSettings = {
				ALWAYS_SEARCH_USER_PATHS = NO;
				CLANG_ANALYZER_NONNULL = YES;
				CLANG_ANALYZER_NUMBER_OBJECT_CONVERSION = YES_AGGRESSIVE;
				CLANG_CXX_LANGUAGE_STANDARD = "gnu++17";
				CLANG_CXX_LIBRARY = "libc++";
				CLANG_ENABLE_MODULES = YES;
				CLANG_ENABLE_OBJC_ARC = YES;
				CLANG_ENABLE_OBJC_WEAK = YES;
				CLANG_WARN_BLOCK_CAPTURE_AUTORELEASING = YES;
				CLANG_WARN_BOOL_CONVERSION = YES;
				CLANG_WARN_COMMA = YES;
				CLANG_WARN_CONSTANT_CONVERSION = YES;
				CLANG_WARN_DEPRECATED_OBJC_IMPLEMENTATIONS = YES;
				CLANG_WARN_DIRECT_OBJC_ISA_USAGE = YES_ERROR;
				CLANG_WARN_DOCUMENTATION_COMMENTS = YES;
				CLANG_WARN_EMPTY_BODY = YES;
				CLANG_WARN_ENUM_CONVERSION = YES;
				CLANG_WARN_INFINITE_RECURSION = YES;
				CLANG_WARN_INT_CONVERSION = YES;
				CLANG_WARN_NON_LITERAL_NULL_CONVERSION = YES;
				CLANG_WARN_OBJC_IMPLICIT_RETAIN_SELF = YES;
				CLANG_WARN_OBJC_LITERAL_CONVERSION = YES;
				CLANG_WARN_OBJC_ROOT_CLASS = YES_ERROR;
				CLANG_WARN_QUOTED_INCLUDE_IN_FRAMEWORK_HEADER = YES;
				CLANG_WARN_RANGE_LOOP_ANALYSIS = YES;
				CLANG_WARN_STRICT_PROTOTYPES = YES;
				CLANG_WARN_SUSPICIOUS_MOVE = YES;
				CLANG_WARN_UNGUARDED_AVAILABILITY = YES_AGGRESSIVE;
				CLANG_WARN_UNREACHABLE_CODE = YES;
				CLANG_WARN__DUPLICATE_METHOD_MATCH = YES;
				COPY_PHASE_STRIP = NO;
				DEBUG_INFORMATION_FORMAT = "dwarf-with-dsym";
				ENABLE_NS_ASSERTIONS = NO;
				ENABLE_STRICT_OBJC_MSGSEND = YES;
				GCC_C_LANGUAGE_STANDARD = gnu11;
				GCC_NO_COMMON_BLOCKS = YES;
				GCC_WARN_64_TO_32_BIT_CONVERSION = YES;
				GCC_WARN_ABOUT_RETURN_TYPE = YES_ERROR;
				GCC_WARN_UNDECLARED_SELECTOR = YES;
				GCC_WARN_UNINITIALIZED_AUTOS = YES_AGGRESSIVE;
				GCC_WARN_UNUSED_FUNCTION = YES;
				GCC_WARN_UNUSED_VARIABLE = YES;
				IPHONEOS_DEPLOYMENT_TARGET = 15.0;
				MTL_ENABLE_DEBUG_INFO = NO;
				MTL_FAST_MATH = YES;
				SDKROOT = iphoneos;
				SWIFT_COMPILATION_MODE = wholemodule;
				SWIFT_OPTIMIZATION_LEVEL = "-O";
				VALIDATE_PRODUCT = YES;
			};
			name = Release;
		};
		F20174612762B99C00442228 /* Debug */ = {
			isa = XCBuildConfiguration;
			buildSettings = {
				ASSETCATALOG_COMPILER_APPICON_NAME = AppIcon;
				ASSETCATALOG_COMPILER_GLOBAL_ACCENT_COLOR_NAME = AccentColor;
				CODE_SIGN_STYLE = Automatic;
				CURRENT_PROJECT_VERSION = 1;
				DEVELOPMENT_ASSET_PATHS = "\"stacks/Preview Content\"";
				DEVELOPMENT_TEAM = 6QP8GBS4QT;
				ENABLE_PREVIEWS = YES;
				GENERATE_INFOPLIST_FILE = YES;
				INFOPLIST_KEY_UIApplicationSceneManifest_Generation = YES;
				INFOPLIST_KEY_UIApplicationSupportsIndirectInputEvents = YES;
				INFOPLIST_KEY_UILaunchScreen_Generation = YES;
				INFOPLIST_KEY_UISupportedInterfaceOrientations_iPad = "UIInterfaceOrientationPortrait UIInterfaceOrientationPortraitUpsideDown UIInterfaceOrientationLandscapeLeft UIInterfaceOrientationLandscapeRight";
				INFOPLIST_KEY_UISupportedInterfaceOrientations_iPhone = "UIInterfaceOrientationPortrait UIInterfaceOrientationLandscapeLeft UIInterfaceOrientationLandscapeRight";
				LD_RUNPATH_SEARCH_PATHS = (
					"$(inherited)",
					"@executable_path/Frameworks",
				);
				MARKETING_VERSION = 1.0;
				PRODUCT_BUNDLE_IDENTIFIER = com.smashcards.stacks;
				PRODUCT_NAME = "$(TARGET_NAME)";
				SWIFT_EMIT_LOC_STRINGS = YES;
				SWIFT_VERSION = 5.0;
				TARGETED_DEVICE_FAMILY = "1,2";
			};
			name = Debug;
		};
		F20174622762B99C00442228 /* Release */ = {
			isa = XCBuildConfiguration;
			buildSettings = {
				ASSETCATALOG_COMPILER_APPICON_NAME = AppIcon;
				ASSETCATALOG_COMPILER_GLOBAL_ACCENT_COLOR_NAME = AccentColor;
				CODE_SIGN_STYLE = Automatic;
				CURRENT_PROJECT_VERSION = 1;
				DEVELOPMENT_ASSET_PATHS = "\"stacks/Preview Content\"";
				DEVELOPMENT_TEAM = 6QP8GBS4QT;
				ENABLE_PREVIEWS = YES;
				GENERATE_INFOPLIST_FILE = YES;
				INFOPLIST_KEY_UIApplicationSceneManifest_Generation = YES;
				INFOPLIST_KEY_UIApplicationSupportsIndirectInputEvents = YES;
				INFOPLIST_KEY_UILaunchScreen_Generation = YES;
				INFOPLIST_KEY_UISupportedInterfaceOrientations_iPad = "UIInterfaceOrientationPortrait UIInterfaceOrientationPortraitUpsideDown UIInterfaceOrientationLandscapeLeft UIInterfaceOrientationLandscapeRight";
				INFOPLIST_KEY_UISupportedInterfaceOrientations_iPhone = "UIInterfaceOrientationPortrait UIInterfaceOrientationLandscapeLeft UIInterfaceOrientationLandscapeRight";
				LD_RUNPATH_SEARCH_PATHS = (
					"$(inherited)",
					"@executable_path/Frameworks",
				);
				MARKETING_VERSION = 1.0;
				PRODUCT_BUNDLE_IDENTIFIER = com.smashcards.stacks;
				PRODUCT_NAME = "$(TARGET_NAME)";
				SWIFT_EMIT_LOC_STRINGS = YES;
				SWIFT_VERSION = 5.0;
				TARGETED_DEVICE_FAMILY = "1,2";
			};
			name = Release;
		};
/* End XCBuildConfiguration section */

/* Begin XCConfigurationList section */
		F201744D2762B99B00442228 /* Build configuration list for PBXProject "stacks" */ = {
			isa = XCConfigurationList;
			buildConfigurations = (
				F201745E2762B99C00442228 /* Debug */,
				F201745F2762B99C00442228 /* Release */,
			);
			defaultConfigurationIsVisible = 0;
			defaultConfigurationName = Release;
		};
		F20174602762B99C00442228 /* Build configuration list for PBXNativeTarget "stacks" */ = {
			isa = XCConfigurationList;
			buildConfigurations = (
				F20174612762B99C00442228 /* Debug */,
				F20174622762B99C00442228 /* Release */,
			);
			defaultConfigurationIsVisible = 0;
			defaultConfigurationName = Release;
		};
/* End XCConfigurationList section */
	};
	rootObject = F201744A2762B99B00442228 /* Project object */;
}
